
Microsoft Visual Studio Solution File, Format Version 12.00
# Visual Studio 15
VisualStudioVersion = 15.0.28307.421
MinimumVisualStudioVersion = 10.0.40219.1
Project("{FAE04EC0-301F-11D3-BF4B-00C04F79EFBC}") = "Russian Roullete", "Russian Roullete\Russian Roullete.csproj", "{DEE9B114-1073-4A2D-A13A-47C4B69F6D3D}"
EndProject
Global
	GlobalSection(SolutionConfigurationPlatforms) = preSolution
		Debug|Any CPU = Debug|Any CPU
		Release|Any CPU = Release|Any CPU
	EndGlobalSection
	GlobalSection(ProjectConfigurationPlatforms) = postSolution
		{DEE9B114-1073-4A2D-A13A-47C4B69F6D3D}.Debug|Any CPU.ActiveCfg = Debug|Any CPU
		{DEE9B114-1073-4A2D-A13A-47C4B69F6D3D}.Debug|Any CPU.Build.0 = Debug|Any CPU
		{DEE9B114-1073-4A2D-A13A-47C4B69F6D3D}.Release|Any CPU.ActiveCfg = Release|Any CPU
		{DEE9B114-1073-4A2D-A13A-47C4B69F6D3D}.Release|Any CPU.Build.0 = Release|Any CPU
	EndGlobalSection
	GlobalSection(SolutionProperties) = preSolution
		HideSolutionNode = FALSE
	EndGlobalSection
	GlobalSection(ExtensibilityGlobals) = postSolution
		SolutionGuid = {8B2E7674-91E2-469A-869F-712B842EC255}
	EndGlobalSection
EndGlobal
